
Microsoft Visual Studio Solution File, Format Version 12.00
# Visual Studio Version 17
VisualStudioVersion = 17.9.34728.123
MinimumVisualStudioVersion = 10.0.40219.1
Project("{8BC9CEB8-8B4A-11D0-8D11-00A0C91BC942}") = "2025_12_12 game", "2025_12_12 game\2025_12_12 game.vcxproj", "{3039352E-EEF2-4EF4-9693-BBA4D694BA1F}"
EndProject
Global
	GlobalSection(SolutionConfigurationPlatforms) = preSolution
		Debug|x64 = Debug|x64
		Debug|x86 = Debug|x86
		Release|x64 = Release|x64
		Release|x86 = Release|x86
	EndGlobalSection
	GlobalSection(ProjectConfigurationPlatforms) = postSolution
		{3039352E-EEF2-4EF4-9693-BBA4D694BA1F}.Debug|x64.ActiveCfg = Debug|x64
		{3039352E-EEF2-4EF4-9693-BBA4D694BA1F}.Debug|x64.Build.0 = Debug|x64
		{3039352E-EEF2-4EF4-9693-BBA4D694BA1F}.Debug|x86.ActiveCfg = Debug|Win32
		{3039352E-EEF2-4EF4-9693-BBA4D694BA1F}.Debug|x86.Build.0 = Debug|Win32
		{3039352E-EEF2-4EF4-9693-BBA4D694BA1F}.Release|x64.ActiveCfg = Release|x64
		{3039352E-EEF2-4EF4-9693-BBA4D694BA1F}.Release|x64.Build.0 = Release|x64
		{3039352E-EEF2-4EF4-9693-BBA4D694BA1F}.Release|x86.ActiveCfg = Release|Win32
		{3039352E-EEF2-4EF4-9693-BBA4D694BA1F}.Release|x86.Build.0 = Release|Win32
	EndGlobalSection
	GlobalSection(SolutionProperties) = preSolution
		HideSolutionNode = FALSE
	EndGlobalSection
	GlobalSection(ExtensibilityGlobals) = postSolution
		SolutionGuid = {A2897A54-EADF-48B2-BE37-5E4775EB9A4C}
	EndGlobalSection
EndGlobal
