
Microsoft Visual Studio Solution File, Format Version 12.00
# Visual Studio Version 17
VisualStudioVersion = 17.9.34728.123
MinimumVisualStudioVersion = 10.0.40219.1
Project("{8BC9CEB8-8B4A-11D0-8D11-00A0C91BC942}") = "2026_6_12 AVL", "2026_6_12 AVL\2026_6_12 AVL.vcxproj", "{A553D6E0-B3F0-4781-BD1E-ED46FB61C0BC}"
EndProject
Global
	GlobalSection(SolutionConfigurationPlatforms) = preSolution
		Debug|x64 = Debug|x64
		Debug|x86 = Debug|x86
		Release|x64 = Release|x64
		Release|x86 = Release|x86
	EndGlobalSection
	GlobalSection(ProjectConfigurationPlatforms) = postSolution
		{A553D6E0-B3F0-4781-BD1E-ED46FB61C0BC}.Debug|x64.ActiveCfg = Debug|x64
		{A553D6E0-B3F0-4781-BD1E-ED46FB61C0BC}.Debug|x64.Build.0 = Debug|x64
		{A553D6E0-B3F0-4781-BD1E-ED46FB61C0BC}.Debug|x86.ActiveCfg = Debug|Win32
		{A553D6E0-B3F0-4781-BD1E-ED46FB61C0BC}.Debug|x86.Build.0 = Debug|Win32
		{A553D6E0-B3F0-4781-BD1E-ED46FB61C0BC}.Release|x64.ActiveCfg = Release|x64
		{A553D6E0-B3F0-4781-BD1E-ED46FB61C0BC}.Release|x64.Build.0 = Release|x64
		{A553D6E0-B3F0-4781-BD1E-ED46FB61C0BC}.Release|x86.ActiveCfg = Release|Win32
		{A553D6E0-B3F0-4781-BD1E-ED46FB61C0BC}.Release|x86.Build.0 = Release|Win32
	EndGlobalSection
	GlobalSection(SolutionProperties) = preSolution
		HideSolutionNode = FALSE
	EndGlobalSection
	GlobalSection(ExtensibilityGlobals) = postSolution
		SolutionGuid = {4D3EAE8D-7423-4A67-A643-2FFE3C4FE7A4}
	EndGlobalSection
EndGlobal
